{
  "name": "monkeyJump",
  "version": "1.0.0",
  "lockfileVersion": 1,
  "requires": true,
  "dependencies": {
    "lxgame-sdk-base": {
      "version": "0.0.1",
      "resolved": "http://npm.actfuns.com/lxgame-sdk-base/-/lxgame-sdk-base-0.0.1.tgz",
      "integrity": "sha512-9SFn3u3hvPy6wsWZfNxc1IfYKXykRSPQZqK2wqQ+S6sGTZxk1qqEuyigtL6CEb+fy0ttxr1LhQqljPLP/K8Ghw=="
    },
    "lxgame-sdk-lexun": {
      "version": "0.0.1",
      "resolved": "http://npm.actfuns.com/lxgame-sdk-lexun/-/lxgame-sdk-lexun-0.0.1.tgz",
      "integrity": "sha512-SfMwwylpwZn6jYHkQ37U4g/nnI6jwabODG9jwNvguO6iR9N/el9uJ9fNZxchCNF/2MqrG/CaWXXA3TxV79Z23w==",
      "requires": {
        "lxgame-sdk-base": "0.0.1"
      }
    },
    "lxgame-sdk-weixin": {
      "version": "0.0.1",
      "resolved": "http://npm.actfuns.com/lxgame-sdk-weixin/-/lxgame-sdk-weixin-0.0.1.tgz",
      "integrity": "sha512-PXdIDcwJ7b3G2wXWSO/myNZyqQP8B8qpd/1KYrTyxKgHcgi4q9Is2+SbIpFNrpvFSBt3ewZz5k8MIQNgMAMnig==",
      "requires": {
        "lxgame-sdk-base": "0.0.1"
      }
    }
  }
}
